
Microsoft Visual Studio Solution File, Format Version 12.00
# Visual Studio Version 17
VisualStudioVersion = 17.14.36109.1
MinimumVisualStudioVersion = 10.0.40219.1
Project("{FAE04EC0-301F-11D3-BF4B-00C04F79EFBC}") = "ChatBox", "ChatBox\ChatBox.csproj", "{87DDC4AE-C84C-4790-A6A5-B2DFACC27114}"
EndProject
Project("{FAE04EC0-301F-11D3-BF4B-00C04F79EFBC}") = "WPFChatClient", "WPFChatClient\WPFChatClient.csproj", "{C927D79C-40F9-490D-8641-63F2F79D32C1}"
EndProject
Global
	GlobalSection(SolutionConfigurationPlatforms) = preSolution
		Debug|Any CPU = Debug|Any CPU
		Release|Any CPU = Release|Any CPU
	EndGlobalSection
	GlobalSection(ProjectConfigurationPlatforms) = postSolution
		{87DDC4AE-C84C-4790-A6A5-B2DFACC27114}.Debug|Any CPU.ActiveCfg = Debug|Any CPU
		{87DDC4AE-C84C-4790-A6A5-B2DFACC27114}.Debug|Any CPU.Build.0 = Debug|Any CPU
		{87DDC4AE-C84C-4790-A6A5-B2DFACC27114}.Release|Any CPU.ActiveCfg = Release|Any CPU
		{87DDC4AE-C84C-4790-A6A5-B2DFACC27114}.Release|Any CPU.Build.0 = Release|Any CPU
		{C927D79C-40F9-490D-8641-63F2F79D32C1}.Debug|Any CPU.ActiveCfg = Debug|Any CPU
		{C927D79C-40F9-490D-8641-63F2F79D32C1}.Debug|Any CPU.Build.0 = Debug|Any CPU
		{C927D79C-40F9-490D-8641-63F2F79D32C1}.Release|Any CPU.ActiveCfg = Release|Any CPU
		{C927D79C-40F9-490D-8641-63F2F79D32C1}.Release|Any CPU.Build.0 = Release|Any CPU
	EndGlobalSection
	GlobalSection(SolutionProperties) = preSolution
		HideSolutionNode = FALSE
	EndGlobalSection
	GlobalSection(ExtensibilityGlobals) = postSolution
		SolutionGuid = {E953F704-CA37-421C-B3BD-959160066077}
	EndGlobalSection
EndGlobal
